
Microsoft Visual Studio Solution File, Format Version 12.00
# Visual Studio 15
VisualStudioVersion = 15.0.28307.421
MinimumVisualStudioVersion = 10.0.40219.1
Project("{FAE04EC0-301F-11D3-BF4B-00C04F79EFBC}") = "Palindrome", "Palindrome\Palindrome.csproj", "{814494CC-C9F6-4252-A2E1-D24C9ADB8877}"
EndProject
Global
	GlobalSection(SolutionConfigurationPlatforms) = preSolution
		Debug|Any CPU = Debug|Any CPU
		Release|Any CPU = Release|Any CPU
	EndGlobalSection
	GlobalSection(ProjectConfigurationPlatforms) = postSolution
		{814494CC-C9F6-4252-A2E1-D24C9ADB8877}.Debug|Any CPU.ActiveCfg = Debug|Any CPU
		{814494CC-C9F6-4252-A2E1-D24C9ADB8877}.Debug|Any CPU.Build.0 = Debug|Any CPU
		{814494CC-C9F6-4252-A2E1-D24C9ADB8877}.Release|Any CPU.ActiveCfg = Release|Any CPU
		{814494CC-C9F6-4252-A2E1-D24C9ADB8877}.Release|Any CPU.Build.0 = Release|Any CPU
	EndGlobalSection
	GlobalSection(SolutionProperties) = preSolution
		HideSolutionNode = FALSE
	EndGlobalSection
	GlobalSection(ExtensibilityGlobals) = postSolution
		SolutionGuid = {51400F9A-330E-4246-8255-04EAB389B2E3}
	EndGlobalSection
EndGlobal
